// !$*UTF8*$!
{
	archiveVersion = 1;
	classes = {
	};
	objectVersion = 50;
	objects = {

/* Begin PBXBuildFile section */
		0866470323852F1C00C54A54 /* AppDelegate.swift in Sources */ = {isa = PBXBuildFile; fileRef = 0866470223852F1C00C54A54 /* AppDelegate.swift */; };
		0866470523852F1C00C54A54 /* SceneDelegate.swift in Sources */ = {isa = PBXBuildFile; fileRef = 0866470423852F1C00C54A54 /* SceneDelegate.swift */; };
		0866470723852F1C00C54A54 /* ContentView.swift in Sources */ = {isa = PBXBuildFile; fileRef = 0866470623852F1C00C54A54 /* ContentView.swift */; };
		0866470923852F2000C54A54 /* Assets.xcassets in Resources */ = {isa = PBXBuildFile; fileRef = 0866470823852F2000C54A54 /* Assets.xcassets */; };
		0866470C23852F2000C54A54 /* Preview Assets.xcassets in Resources */ = {isa = PBXBuildFile; fileRef = 0866470B23852F2000C54A54 /* Preview Assets.xcassets */; };
		0866470F23852F2000C54A54 /* LaunchScreen.storyboard in Resources */ = {isa = PBXBuildFile; fileRef = 0866470D23852F2000C54A54 /* LaunchScreen.storyboard */; };
		0866471A23852F2000C54A54 /* BatrazCardTests.swift in Sources */ = {isa = PBXBuildFile; fileRef = 0866471923852F2000C54A54 /* BatrazCardTests.swift */; };
		08664726238532A400C54A54 /* Pacifico-Regular.ttf in Resources */ = {isa = PBXBuildFile; fileRef = 08664725238532A400C54A54 /* Pacifico-Regular.ttf */; };
		0866472823853B0300C54A54 /* InfoView.swift in Sources */ = {isa = PBXBuildFile; fileRef = 0866472723853B0300C54A54 /* InfoView.swift */; };
/* End PBXBuildFile section */

/* Begin PBXContainerItemProxy section */
		0866471623852F2000C54A54 /* PBXContainerItemProxy */ = {
			isa = PBXContainerItemProxy;
			containerPortal = 086646F723852F1C00C54A54 /* Project object */;
			proxyType = 1;
			remoteGlobalIDString = 086646FE23852F1C00C54A54;
			remoteInfo = BatrazCard;
		};
/* End PBXContainerItemProxy section */

/* Begin PBXFileReference section */
		086646FF23852F1C00C54A54 /* BatrazCard.app */ = {isa = PBXFileReference; explicitFileType = wrapper.application; includeInIndex = 0; path = BatrazCard.app; sourceTree = BUILT_PRODUCTS_DIR; };
		0866470223852F1C00C54A54 /* AppDelegate.swift */ = {isa = PBXFileReference; lastKnownFileType = sourcecode.swift; path = AppDelegate.swift; sourceTree = "<group>"; };
		0866470423852F1C00C54A54 /* SceneDelegate.swift */ = {isa = PBXFileReference; lastKnownFileType = sourcecode.swift; path = SceneDelegate.swift; sourceTree = "<group>"; };
		0866470623852F1C00C54A54 /* ContentView.swift */ = {isa = PBXFileReference; lastKnownFileType = sourcecode.swift; path = ContentView.swift; sourceTree = "<group>"; };
		0866470823852F2000C54A54 /* Assets.xcassets */ = {isa = PBXFileReference; lastKnownFileType = folder.assetcatalog; path = Assets.xcassets; sourceTree = "<group>"; };
		0866470B23852F2000C54A54 /* Preview Assets.xcassets */ = {isa = PBXFileReference; lastKnownFileType = folder.assetcatalog; path = "Preview Assets.xcassets"; sourceTree = "<group>"; };
		0866470E23852F2000C54A54 /* Base */ = {isa = PBXFileReference; lastKnownFileType = file.storyboard; name = Base; path = Base.lproj/LaunchScreen.storyboard; sourceTree = "<group>"; };
		0866471023852F2000C54A54 /* Info.plist */ = {isa = PBXFileReference; lastKnownFileType = text.plist.xml; path = Info.plist; sourceTree = "<group>"; };
		0866471523852F2000C54A54 /* BatrazCardTests.xctest */ = {isa = PBXFileReference; explicitFileType = wrapper.cfbundle; includeInIndex = 0; path = BatrazCardTests.xctest; sourceTree = BUILT_PRODUCTS_DIR; };
		0866471923852F2000C54A54 /* BatrazCardTests.swift */ = {isa = PBXFileReference; lastKnownFileType = sourcecode.swift; path = BatrazCardTests.swift; sourceTree = "<group>"; };
		0866471B23852F2000C54A54 /* Info.plist */ = {isa = PBXFileReference; lastKnownFileType = text.plist.xml; path = Info.plist; sourceTree = "<group>"; };
		08664725238532A400C54A54 /* Pacifico-Regular.ttf */ = {isa = PBXFileReference; lastKnownFileType = file; name = "Pacifico-Regular.ttf"; path = "../../../../Downloads/Pacifico/Pacifico-Regular.ttf"; sourceTree = "<group>"; };
		0866472723853B0300C54A54 /* InfoView.swift */ = {isa = PBXFileReference; lastKnownFileType = sourcecode.swift; path = InfoView.swift; sourceTree = "<group>"; };
/* End PBXFileReference section */

/* Begin PBXFrameworksBuildPhase section */
		086646FC23852F1C00C54A54 /* Frameworks */ = {
			isa = PBXFrameworksBuildPhase;
			buildActionMask = 2147483647;
			files = (
			);
			runOnlyForDeploymentPostprocessing = 0;
		};
		0866471223852F2000C54A54 /* Frameworks */ = {
			isa = PBXFrameworksBuildPhase;
			buildActionMask = 2147483647;
			files = (
			);
			runOnlyForDeploymentPostprocessing = 0;
		};
/* End PBXFrameworksBuildPhase section */

/* Begin PBXGroup section */
		086646F623852F1C00C54A54 = {
			isa = PBXGroup;
			children = (
				0866470123852F1C00C54A54 /* BatrazCard */,
				0866471823852F2000C54A54 /* BatrazCardTests */,
				0866470023852F1C00C54A54 /* Products */,
			);
			sourceTree = "<group>";
		};
		0866470023852F1C00C54A54 /* Products */ = {
			isa = PBXGroup;
			children = (
				086646FF23852F1C00C54A54 /* BatrazCard.app */,
				0866471523852F2000C54A54 /* BatrazCardTests.xctest */,
			);
			name = Products;
			sourceTree = "<group>";
		};
		0866470123852F1C00C54A54 /* BatrazCard */ = {
			isa = PBXGroup;
			children = (
				086647242385328900C54A54 /* Fonts */,
				0866470223852F1C00C54A54 /* AppDelegate.swift */,
				0866470423852F1C00C54A54 /* SceneDelegate.swift */,
				0866470623852F1C00C54A54 /* ContentView.swift */,
				0866470823852F2000C54A54 /* Assets.xcassets */,
				0866470D23852F2000C54A54 /* LaunchScreen.storyboard */,
				0866471023852F2000C54A54 /* Info.plist */,
				0866470A23852F2000C54A54 /* Preview Content */,
				0866472723853B0300C54A54 /* InfoView.swift */,
			);
			path = BatrazCard;
			sourceTree = "<group>";
		};
		0866470A23852F2000C54A54 /* Preview Content */ = {
			isa = PBXGroup;
			children = (
				0866470B23852F2000C54A54 /* Preview Assets.xcassets */,
			);
			path = "Preview Content";
			sourceTree = "<group>";
		};
		0866471823852F2000C54A54 /* BatrazCardTests */ = {
			isa = PBXGroup;
			children = (
				0866471923852F2000C54A54 /* BatrazCardTests.swift */,
				0866471B23852F2000C54A54 /* Info.plist */,
			);
			path = BatrazCardTests;
			sourceTree = "<group>";
		};
		086647242385328900C54A54 /* Fonts */ = {
			isa = PBXGroup;
			children = (
				08664725238532A400C54A54 /* Pacifico-Regular.ttf */,
			);
			path = Fonts;
			sourceTree = "<group>";
		};
/* End PBXGroup section */

/* Begin PBXNativeTarget section */
		086646FE23852F1C00C54A54 /* BatrazCard */ = {
			isa = PBXNativeTarget;
			buildConfigurationList = 0866471E23852F2000C54A54 /* Build configuration list for PBXNativeTarget "BatrazCard" */;
			buildPhases = (
				086646FB23852F1C00C54A54 /* Sources */,
				086646FC23852F1C00C54A54 /* Frameworks */,
				086646FD23852F1C00C54A54 /* Resources */,
			);
			buildRules = (
			);
			dependencies = (
			);
			name = BatrazCard;
			productName = BatrazCard;
			productReference = 086646FF23852F1C00C54A54 /* BatrazCard.app */;
			productType = "com.apple.product-type.application";
		};
		0866471423852F2000C54A54 /* BatrazCardTests */ = {
			isa = PBXNativeTarget;
			buildConfigurationList = 0866472123852F2000C54A54 /* Build configuration list for PBXNativeTarget "BatrazCardTests" */;
			buildPhases = (
				0866471123852F2000C54A54 /* Sources */,
				0866471223852F2000C54A54 /* Frameworks */,
				0866471323852F2000C54A54 /* Resources */,
			);
			buildRules = (
			);
			dependencies = (
				0866471723852F2000C54A54 /* PBXTargetDependency */,
			);
			name = BatrazCardTests;
			productName = BatrazCardTests;
			productReference = 0866471523852F2000C54A54 /* BatrazCardTests.xctest */;
			productType = "com.apple.product-type.bundle.unit-test";
		};
/* End PBXNativeTarget section */

/* Begin PBXProject section */
		086646F723852F1C00C54A54 /* Project object */ = {
			isa = PBXProject;
			attributes = {
				LastSwiftUpdateCheck = 1120;
				LastUpgradeCheck = 1120;
				ORGANIZATIONNAME = jetruby;
				TargetAttributes = {
					086646FE23852F1C00C54A54 = {
						CreatedOnToolsVersion = 11.2.1;
					};
					0866471423852F2000C54A54 = {
						CreatedOnToolsVersion = 11.2.1;
						TestTargetID = 086646FE23852F1C00C54A54;
					};
				};
			};
			buildConfigurationList = 086646FA23852F1C00C54A54 /* Build configuration list for PBXProject "BatrazCard" */;
			compatibilityVersion = "Xcode 9.3";
			developmentRegion = en;
			hasScannedForEncodings = 0;
			knownRegions = (
				en,
				Base,
			);
			mainGroup = 086646F623852F1C00C54A54;
			productRefGroup = 0866470023852F1C00C54A54 /* Products */;
			projectDirPath = "";
			projectRoot = "";
			targets = (
				086646FE23852F1C00C54A54 /* BatrazCard */,
				0866471423852F2000C54A54 /* BatrazCardTests */,
			);
		};
/* End PBXProject section */

/* Begin PBXResourcesBuildPhase section */
		086646FD23852F1C00C54A54 /* Resources */ = {
			isa = PBXResourcesBuildPhase;
			buildActionMask = 2147483647;
			files = (
				0866470F23852F2000C54A54 /* LaunchScreen.storyboard in Resources */,
				08664726238532A400C54A54 /* Pacifico-Regular.ttf in Resources */,
				0866470C23852F2000C54A54 /* Preview Assets.xcassets in Resources */,
				0866470923852F2000C54A54 /* Assets.xcassets in Resources */,
			);
			runOnlyForDeploymentPostprocessing = 0;
		};
		0866471323852F2000C54A54 /* Resources */ = {
			isa = PBXResourcesBuildPhase;
			buildActionMask = 2147483647;
			files = (
			);
			runOnlyForDeploymentPostprocessing = 0;
		};
/* End PBXResourcesBuildPhase section */

/* Begin PBXSourcesBuildPhase section */
		086646FB23852F1C00C54A54 /* Sources */ = {
			isa = PBXSourcesBuildPhase;
			buildActionMask = 2147483647;
			files = (
				0866472823853B0300C54A54 /* InfoView.swift in Sources */,
				0866470323852F1C00C54A54 /* AppDelegate.swift in Sources */,
				0866470523852F1C00C54A54 /* SceneDelegate.swift in Sources */,
				0866470723852F1C00C54A54 /* ContentView.swift in Sources */,
			);
			runOnlyForDeploymentPostprocessing = 0;
		};
		0866471123852F2000C54A54 /* Sources */ = {
			isa = PBXSourcesBuildPhase;
			buildActionMask = 2147483647;
			files = (
				0866471A23852F2000C54A54 /* BatrazCardTests.swift in Sources */,
			);
			runOnlyForDeploymentPostprocessing = 0;
		};
/* End PBXSourcesBuildPhase section */

/* Begin PBXTargetDependency section */
		0866471723852F2000C54A54 /* PBXTargetDependency */ = {
			isa = PBXTargetDependency;
			target = 086646FE23852F1C00C54A54 /* BatrazCard */;
			targetProxy = 0866471623852F2000C54A54 /* PBXContainerItemProxy */;
		};
/* End PBXTargetDependency section */

/* Begin PBXVariantGroup section */
		0866470D23852F2000C54A54 /* LaunchScreen.storyboard */ = {
			isa = PBXVariantGroup;
			children = (
				0866470E23852F2000C54A54 /* Base */,
			);
			name = LaunchScreen.storyboard;
			sourceTree = "<group>";
		};
/* End PBXVariantGroup section */

/* Begin XCBuildConfiguration section */
		0866471C23852F2000C54A54 /* Debug */ = {
			isa = XCBuildConfiguration;
			buildSettings = {
				ALWAYS_SEARCH_USER_PATHS = NO;
				CLANG_ANALYZER_NONNULL = YES;
				CLANG_ANALYZER_NUMBER_OBJECT_CONVERSION = YES_AGGRESSIVE;
				CLANG_CXX_LANGUAGE_STANDARD = "gnu++14";
				CLANG_CXX_LIBRARY = "libc++";
				CLANG_ENABLE_MODULES = YES;
				CLANG_ENABLE_OBJC_ARC = YES;
				CLANG_ENABLE_OBJC_WEAK = YES;
				CLANG_WARN_BLOCK_CAPTURE_AUTORELEASING = YES;
				CLANG_WARN_BOOL_CONVERSION = YES;
				CLANG_WARN_COMMA = YES;
				CLANG_WARN_CONSTANT_CONVERSION = YES;
				CLANG_WARN_DEPRECATED_OBJC_IMPLEMENTATIONS = YES;
				CLANG_WARN_DIRECT_OBJC_ISA_USAGE = YES_ERROR;
				CLANG_WARN_DOCUMENTATION_COMMENTS = YES;
				CLANG_WARN_EMPTY_BODY = YES;
				CLANG_WARN_ENUM_CONVERSION = YES;
				CLANG_WARN_INFINITE_RECURSION = YES;
				CLANG_WARN_INT_CONVERSION = YES;
				CLANG_WARN_NON_LITERAL_NULL_CONVERSION = YES;
				CLANG_WARN_OBJC_IMPLICIT_RETAIN_SELF = YES;
				CLANG_WARN_OBJC_LITERAL_CONVERSION = YES;
				CLANG_WARN_OBJC_ROOT_CLASS = YES_ERROR;
				CLANG_WARN_RANGE_LOOP_ANALYSIS = YES;
				CLANG_WARN_STRICT_PROTOTYPES = YES;
				CLANG_WARN_SUSPICIOUS_MOVE = YES;
				CLANG_WARN_UNGUARDED_AVAILABILITY = YES_AGGRESSIVE;
				CLANG_WARN_UNREACHABLE_CODE = YES;
				CLANG_WARN__DUPLICATE_METHOD_MATCH = YES;
				COPY_PHASE_STRIP = NO;
				DEBUG_INFORMATION_FORMAT = dwarf;
				ENABLE_STRICT_OBJC_MSGSEND = YES;
				ENABLE_TESTABILITY = YES;
				GCC_C_LANGUAGE_STANDARD = gnu11;
				GCC_DYNAMIC_NO_PIC = NO;
				GCC_NO_COMMON_BLOCKS = YES;
				GCC_OPTIMIZATION_LEVEL = 0;
				GCC_PREPROCESSOR_DEFINITIONS = (
					"DEBUG=1",
					"$(inherited)",
				);
				GCC_WARN_64_TO_32_BIT_CONVERSION = YES;
				GCC_WARN_ABOUT_RETURN_TYPE = YES_ERROR;
				GCC_WARN_UNDECLARED_SELECTOR = YES;
				GCC_WARN_UNINITIALIZED_AUTOS = YES_AGGRESSIVE;
				GCC_WARN_UNUSED_FUNCTION = YES;
				GCC_WARN_UNUSED_VARIABLE = YES;
				IPHONEOS_DEPLOYMENT_TARGET = 13.2;
				MTL_ENABLE_DEBUG_INFO = INCLUDE_SOURCE;
				MTL_FAST_MATH = YES;
				ONLY_ACTIVE_ARCH = YES;
				SDKROOT = iphoneos;
				SWIFT_ACTIVE_COMPILATION_CONDITIONS = DEBUG;
				SWIFT_OPTIMIZATION_LEVEL = "-Onone";
			};
			name = Debug;
		};
		0866471D23852F2000C54A54 /* Release */ = {
			isa = XCBuildConfiguration;
			buildSettings = {
				ALWAYS_SEARCH_USER_PATHS = NO;
				CLANG_ANALYZER_NONNULL = YES;
				CLANG_ANALYZER_NUMBER_OBJECT_CONVERSION = YES_AGGRESSIVE;
				CLANG_CXX_LANGUAGE_STANDARD = "gnu++14";
				CLANG_CXX_LIBRARY = "libc++";
				CLANG_ENABLE_MODULES = YES;
				CLANG_ENABLE_OBJC_ARC = YES;
				CLANG_ENABLE_OBJC_WEAK = YES;
				CLANG_WARN_BLOCK_CAPTURE_AUTORELEASING = YES;
				CLANG_WARN_BOOL_CONVERSION = YES;
				CLANG_WARN_COMMA = YES;
				CLANG_WARN_CONSTANT_CONVERSION = YES;
				CLANG_WARN_DEPRECATED_OBJC_IMPLEMENTATIONS = YES;
				CLANG_WARN_DIRECT_OBJC_ISA_USAGE = YES_ERROR;
				CLANG_WARN_DOCUMENTATION_COMMENTS = YES;
				CLANG_WARN_EMPTY_BODY = YES;
				CLANG_WARN_ENUM_CONVERSION = YES;
				CLANG_WARN_INFINITE_RECURSION = YES;
				CLANG_WARN_INT_CONVERSION = YES;
				CLANG_WARN_NON_LITERAL_NULL_CONVERSION = YES;
				CLANG_WARN_OBJC_IMPLICIT_RETAIN_SELF = YES;
				CLANG_WARN_OBJC_LITERAL_CONVERSION = YES;
				CLANG_WARN_OBJC_ROOT_CLASS = YES_ERROR;
				CLANG_WARN_RANGE_LOOP_ANALYSIS = YES;
				CLANG_WARN_STRICT_PROTOTYPES = YES;
				CLANG_WARN_SUSPICIOUS_MOVE = YES;
				CLANG_WARN_UNGUARDED_AVAILABILITY = YES_AGGRESSIVE;
				CLANG_WARN_UNREACHABLE_CODE = YES;
				CLANG_WARN__DUPLICATE_METHOD_MATCH = YES;
				COPY_PHASE_STRIP = NO;
				DEBUG_INFORMATION_FORMAT = "dwarf-with-dsym";
				ENABLE_NS_ASSERTIONS = NO;
				ENABLE_STRICT_OBJC_MSGSEND = YES;
				GCC_C_LANGUAGE_STANDARD = gnu11;
				GCC_NO_COMMON_BLOCKS = YES;
				GCC_WARN_64_TO_32_BIT_CONVERSION = YES;
				GCC_WARN_ABOUT_RETURN_TYPE = YES_ERROR;
				GCC_WARN_UNDECLARED_SELECTOR = YES;
				GCC_WARN_UNINITIALIZED_AUTOS = YES_AGGRESSIVE;
				GCC_WARN_UNUSED_FUNCTION = YES;
				GCC_WARN_UNUSED_VARIABLE = YES;
				IPHONEOS_DEPLOYMENT_TARGET = 13.2;
				MTL_ENABLE_DEBUG_INFO = NO;
				MTL_FAST_MATH = YES;
				SDKROOT = iphoneos;
				SWIFT_COMPILATION_MODE = wholemodule;
				SWIFT_OPTIMIZATION_LEVEL = "-O";
				VALIDATE_PRODUCT = YES;
			};
			name = Release;
		};
		0866471F23852F2000C54A54 /* Debug */ = {
			isa = XCBuildConfiguration;
			buildSettings = {
				ASSETCATALOG_COMPILER_APPICON_NAME = AppIcon;
				CODE_SIGN_STYLE = Automatic;
				DEVELOPMENT_ASSET_PATHS = "\"BatrazCard/Preview Content\"";
				ENABLE_PREVIEWS = YES;
				INFOPLIST_FILE = BatrazCard/Info.plist;
				LD_RUNPATH_SEARCH_PATHS = (
					"$(inherited)",
					"@executable_path/Frameworks",
				);
				PRODUCT_BUNDLE_IDENTIFIER = food.baticpro.ru.BatrazCard;
				PRODUCT_NAME = "$(TARGET_NAME)";
				SWIFT_VERSION = 5.0;
				TARGETED_DEVICE_FAMILY = "1,2";
			};
			name = Debug;
		};
		0866472023852F2000C54A54 /* Release */ = {
			isa = XCBuildConfiguration;
			buildSettings = {
				ASSETCATALOG_COMPILER_APPICON_NAME = AppIcon;
				CODE_SIGN_STYLE = Automatic;
				DEVELOPMENT_ASSET_PATHS = "\"BatrazCard/Preview Content\"";
				ENABLE_PREVIEWS = YES;
				INFOPLIST_FILE = BatrazCard/Info.plist;
				LD_RUNPATH_SEARCH_PATHS = (
					"$(inherited)",
					"@executable_path/Frameworks",
				);
				PRODUCT_BUNDLE_IDENTIFIER = food.baticpro.ru.BatrazCard;
				PRODUCT_NAME = "$(TARGET_NAME)";
				SWIFT_VERSION = 5.0;
				TARGETED_DEVICE_FAMILY = "1,2";
			};
			name = Release;
		};
		0866472223852F2000C54A54 /* Debug */ = {
			isa = XCBuildConfiguration;
			buildSettings = {
				ALWAYS_EMBED_SWIFT_STANDARD_LIBRARIES = YES;
				BUNDLE_LOADER = "$(TEST_HOST)";
				CODE_SIGN_STYLE = Automatic;
				INFOPLIST_FILE = BatrazCardTests/Info.plist;
				IPHONEOS_DEPLOYMENT_TARGET = 13.2;
				LD_RUNPATH_SEARCH_PATHS = (
					"$(inherited)",
					"@executable_path/Frameworks",
					"@loader_path/Frameworks",
				);
				PRODUCT_BUNDLE_IDENTIFIER = food.baticpro.ru.BatrazCardTests;
				PRODUCT_NAME = "$(TARGET_NAME)";
				SWIFT_VERSION = 5.0;
				TARGETED_DEVICE_FAMILY = "1,2";
				TEST_HOST = "$(BUILT_PRODUCTS_DIR)/BatrazCard.app/BatrazCard";
			};
			name = Debug;
		};
		0866472323852F2000C54A54 /* Release */ = {
			isa = XCBuildConfiguration;
			buildSettings = {
				ALWAYS_EMBED_SWIFT_STANDARD_LIBRARIES = YES;
				BUNDLE_LOADER = "$(TEST_HOST)";
				CODE_SIGN_STYLE = Automatic;
				INFOPLIST_FILE = BatrazCardTests/Info.plist;
				IPHONEOS_DEPLOYMENT_TARGET = 13.2;
				LD_RUNPATH_SEARCH_PATHS = (
					"$(inherited)",
					"@executable_path/Frameworks",
					"@loader_path/Frameworks",
				);
				PRODUCT_BUNDLE_IDENTIFIER = food.baticpro.ru.BatrazCardTests;
				PRODUCT_NAME = "$(TARGET_NAME)";
				SWIFT_VERSION = 5.0;
				TARGETED_DEVICE_FAMILY = "1,2";
				TEST_HOST = "$(BUILT_PRODUCTS_DIR)/BatrazCard.app/BatrazCard";
			};
			name = Release;
		};
/* End XCBuildConfiguration section */

/* Begin XCConfigurationList section */
		086646FA23852F1C00C54A54 /* Build configuration list for PBXProject "BatrazCard" */ = {
			isa = XCConfigurationList;
			buildConfigurations = (
				0866471C23852F2000C54A54 /* Debug */,
				0866471D23852F2000C54A54 /* Release */,
			);
			defaultConfigurationIsVisible = 0;
			defaultConfigurationName = Release;
		};
		0866471E23852F2000C54A54 /* Build configuration list for PBXNativeTarget "BatrazCard" */ = {
			isa = XCConfigurationList;
			buildConfigurations = (
				0866471F23852F2000C54A54 /* Debug */,
				0866472023852F2000C54A54 /* Release */,
			);
			defaultConfigurationIsVisible = 0;
			defaultConfigurationName = Release;
		};
		0866472123852F2000C54A54 /* Build configuration list for PBXNativeTarget "BatrazCardTests" */ = {
			isa = XCConfigurationList;
			buildConfigurations = (
				0866472223852F2000C54A54 /* Debug */,
				0866472323852F2000C54A54 /* Release */,
			);
			defaultConfigurationIsVisible = 0;
			defaultConfigurationName = Release;
		};
/* End XCConfigurationList section */
	};
	rootObject = 086646F723852F1C00C54A54 /* Project object */;
}
